// !$*UTF8*$!
{
	archiveVersion = 1;
	classes = {
	};
	objectVersion = 55;
	objects = {

/* Begin PBXBuildFile section */
		17E6105228719F8F00D2E836 /* AroomMobileApp.swift in Sources */ = {isa = PBXBuildFile; fileRef = 17E6105128719F8F00D2E836 /* AroomMobileApp.swift */; };
		17E6105428719F8F00D2E836 /* ContentView.swift in Sources */ = {isa = PBXBuildFile; fileRef = 17E6105328719F8F00D2E836 /* ContentView.swift */; };
		17E6105628719F9200D2E836 /* Assets.xcassets in Resources */ = {isa = PBXBuildFile; fileRef = 17E6105528719F9200D2E836 /* Assets.xcassets */; };
		17E6105928719F9200D2E836 /* Preview Assets.xcassets in Resources */ = {isa = PBXBuildFile; fileRef = 17E6105828719F9200D2E836 /* Preview Assets.xcassets */; };
		17E6106328719F9200D2E836 /* AroomMobileTests.swift in Sources */ = {isa = PBXBuildFile; fileRef = 17E6106228719F9200D2E836 /* AroomMobileTests.swift */; };
		17E6106D28719F9200D2E836 /* AroomMobileUITests.swift in Sources */ = {isa = PBXBuildFile; fileRef = 17E6106C28719F9200D2E836 /* AroomMobileUITests.swift */; };
		17E6106F28719F9200D2E836 /* AroomMobileUITestsLaunchTests.swift in Sources */ = {isa = PBXBuildFile; fileRef = 17E6106E28719F9200D2E836 /* AroomMobileUITestsLaunchTests.swift */; };
/* End PBXBuildFile section */

/* Begin PBXContainerItemProxy section */
		17E6105F28719F9200D2E836 /* PBXContainerItemProxy */ = {
			isa = PBXContainerItemProxy;
			containerPortal = 17E6104628719F8F00D2E836 /* Project object */;
			proxyType = 1;
			remoteGlobalIDString = 17E6104D28719F8F00D2E836;
			remoteInfo = AroomMobile;
		};
		17E6106928719F9200D2E836 /* PBXContainerItemProxy */ = {
			isa = PBXContainerItemProxy;
			containerPortal = 17E6104628719F8F00D2E836 /* Project object */;
			proxyType = 1;
			remoteGlobalIDString = 17E6104D28719F8F00D2E836;
			remoteInfo = AroomMobile;
		};
/* End PBXContainerItemProxy section */

/* Begin PBXFileReference section */
		17E6104E28719F8F00D2E836 /* AroomMobile.app */ = {isa = PBXFileReference; explicitFileType = wrapper.application; includeInIndex = 0; path = AroomMobile.app; sourceTree = BUILT_PRODUCTS_DIR; };
		17E6105128719F8F00D2E836 /* AroomMobileApp.swift */ = {isa = PBXFileReference; lastKnownFileType = sourcecode.swift; path = AroomMobileApp.swift; sourceTree = "<group>"; };
		17E6105328719F8F00D2E836 /* ContentView.swift */ = {isa = PBXFileReference; lastKnownFileType = sourcecode.swift; path = ContentView.swift; sourceTree = "<group>"; };
		17E6105528719F9200D2E836 /* Assets.xcassets */ = {isa = PBXFileReference; lastKnownFileType = folder.assetcatalog; path = Assets.xcassets; sourceTree = "<group>"; };
		17E6105828719F9200D2E836 /* Preview Assets.xcassets */ = {isa = PBXFileReference; lastKnownFileType = folder.assetcatalog; path = "Preview Assets.xcassets"; sourceTree = "<group>"; };
		17E6105E28719F9200D2E836 /* AroomMobileTests.xctest */ = {isa = PBXFileReference; explicitFileType = wrapper.cfbundle; includeInIndex = 0; path = AroomMobileTests.xctest; sourceTree = BUILT_PRODUCTS_DIR; };
		17E6106228719F9200D2E836 /* AroomMobileTests.swift */ = {isa = PBXFileReference; lastKnownFileType = sourcecode.swift; path = AroomMobileTests.swift; sourceTree = "<group>"; };
		17E6106828719F9200D2E836 /* AroomMobileUITests.xctest */ = {isa = PBXFileReference; explicitFileType = wrapper.cfbundle; includeInIndex = 0; path = AroomMobileUITests.xctest; sourceTree = BUILT_PRODUCTS_DIR; };
		17E6106C28719F9200D2E836 /* AroomMobileUITests.swift */ = {isa = PBXFileReference; lastKnownFileType = sourcecode.swift; path = AroomMobileUITests.swift; sourceTree = "<group>"; };
		17E6106E28719F9200D2E836 /* AroomMobileUITestsLaunchTests.swift */ = {isa = PBXFileReference; lastKnownFileType = sourcecode.swift; path = AroomMobileUITestsLaunchTests.swift; sourceTree = "<group>"; };
/* End PBXFileReference section */

/* Begin PBXFrameworksBuildPhase section */
		17E6104B28719F8F00D2E836 /* Frameworks */ = {
			isa = PBXFrameworksBuildPhase;
			buildActionMask = 2147483647;
			files = (
			);
			runOnlyForDeploymentPostprocessing = 0;
		};
		17E6105B28719F9200D2E836 /* Frameworks */ = {
			isa = PBXFrameworksBuildPhase;
			buildActionMask = 2147483647;
			files = (
			);
			runOnlyForDeploymentPostprocessing = 0;
		};
		17E6106528719F9200D2E836 /* Frameworks */ = {
			isa = PBXFrameworksBuildPhase;
			buildActionMask = 2147483647;
			files = (
			);
			runOnlyForDeploymentPostprocessing = 0;
		};
/* End PBXFrameworksBuildPhase section */

/* Begin PBXGroup section */
		17E6104528719F8F00D2E836 = {
			isa = PBXGroup;
			children = (
				17E6105028719F8F00D2E836 /* AroomMobile */,
				17E6106128719F9200D2E836 /* AroomMobileTests */,
				17E6106B28719F9200D2E836 /* AroomMobileUITests */,
				17E6104F28719F8F00D2E836 /* Products */,
			);
			sourceTree = "<group>";
		};
		17E6104F28719F8F00D2E836 /* Products */ = {
			isa = PBXGroup;
			children = (
				17E6104E28719F8F00D2E836 /* AroomMobile.app */,
				17E6105E28719F9200D2E836 /* AroomMobileTests.xctest */,
				17E6106828719F9200D2E836 /* AroomMobileUITests.xctest */,
			);
			name = Products;
			sourceTree = "<group>";
		};
		17E6105028719F8F00D2E836 /* AroomMobile */ = {
			isa = PBXGroup;
			children = (
				17E6105128719F8F00D2E836 /* AroomMobileApp.swift */,
				17E6105328719F8F00D2E836 /* ContentView.swift */,
				17E6105528719F9200D2E836 /* Assets.xcassets */,
				17E6105728719F9200D2E836 /* Preview Content */,
			);
			path = AroomMobile;
			sourceTree = "<group>";
		};
		17E6105728719F9200D2E836 /* Preview Content */ = {
			isa = PBXGroup;
			children = (
				17E6105828719F9200D2E836 /* Preview Assets.xcassets */,
			);
			path = "Preview Content";
			sourceTree = "<group>";
		};
		17E6106128719F9200D2E836 /* AroomMobileTests */ = {
			isa = PBXGroup;
			children = (
				17E6106228719F9200D2E836 /* AroomMobileTests.swift */,
			);
			path = AroomMobileTests;
			sourceTree = "<group>";
		};
		17E6106B28719F9200D2E836 /* AroomMobileUITests */ = {
			isa = PBXGroup;
			children = (
				17E6106C28719F9200D2E836 /* AroomMobileUITests.swift */,
				17E6106E28719F9200D2E836 /* AroomMobileUITestsLaunchTests.swift */,
			);
			path = AroomMobileUITests;
			sourceTree = "<group>";
		};
/* End PBXGroup section */

/* Begin PBXNativeTarget section */
		17E6104D28719F8F00D2E836 /* AroomMobile */ = {
			isa = PBXNativeTarget;
			buildConfigurationList = 17E6107228719F9200D2E836 /* Build configuration list for PBXNativeTarget "AroomMobile" */;
			buildPhases = (
				17E6104A28719F8F00D2E836 /* Sources */,
				17E6104B28719F8F00D2E836 /* Frameworks */,
				17E6104C28719F8F00D2E836 /* Resources */,
			);
			buildRules = (
			);
			dependencies = (
			);
			name = AroomMobile;
			productName = AroomMobile;
			productReference = 17E6104E28719F8F00D2E836 /* AroomMobile.app */;
			productType = "com.apple.product-type.application";
		};
		17E6105D28719F9200D2E836 /* AroomMobileTests */ = {
			isa = PBXNativeTarget;
			buildConfigurationList = 17E6107528719F9200D2E836 /* Build configuration list for PBXNativeTarget "AroomMobileTests" */;
			buildPhases = (
				17E6105A28719F9200D2E836 /* Sources */,
				17E6105B28719F9200D2E836 /* Frameworks */,
				17E6105C28719F9200D2E836 /* Resources */,
			);
			buildRules = (
			);
			dependencies = (
				17E6106028719F9200D2E836 /* PBXTargetDependency */,
			);
			name = AroomMobileTests;
			productName = AroomMobileTests;
			productReference = 17E6105E28719F9200D2E836 /* AroomMobileTests.xctest */;
			productType = "com.apple.product-type.bundle.unit-test";
		};
		17E6106728719F9200D2E836 /* AroomMobileUITests */ = {
			isa = PBXNativeTarget;
			buildConfigurationList = 17E6107828719F9200D2E836 /* Build configuration list for PBXNativeTarget "AroomMobileUITests" */;
			buildPhases = (
				17E6106428719F9200D2E836 /* Sources */,
				17E6106528719F9200D2E836 /* Frameworks */,
				17E6106628719F9200D2E836 /* Resources */,
			);
			buildRules = (
			);
			dependencies = (
				17E6106A28719F9200D2E836 /* PBXTargetDependency */,
			);
			name = AroomMobileUITests;
			productName = AroomMobileUITests;
			productReference = 17E6106828719F9200D2E836 /* AroomMobileUITests.xctest */;
			productType = "com.apple.product-type.bundle.ui-testing";
		};
/* End PBXNativeTarget section */

/* Begin PBXProject section */
		17E6104628719F8F00D2E836 /* Project object */ = {
			isa = PBXProject;
			attributes = {
				BuildIndependentTargetsInParallel = 1;
				LastSwiftUpdateCheck = 1340;
				LastUpgradeCheck = 1340;
				TargetAttributes = {
					17E6104D28719F8F00D2E836 = {
						CreatedOnToolsVersion = 13.4.1;
					};
					17E6105D28719F9200D2E836 = {
						CreatedOnToolsVersion = 13.4.1;
						TestTargetID = 17E6104D28719F8F00D2E836;
					};
					17E6106728719F9200D2E836 = {
						CreatedOnToolsVersion = 13.4.1;
						TestTargetID = 17E6104D28719F8F00D2E836;
					};
				};
			};
			buildConfigurationList = 17E6104928719F8F00D2E836 /* Build configuration list for PBXProject "AroomMobile" */;
			compatibilityVersion = "Xcode 13.0";
			developmentRegion = en;
			hasScannedForEncodings = 0;
			knownRegions = (
				en,
				Base,
			);
			mainGroup = 17E6104528719F8F00D2E836;
			productRefGroup = 17E6104F28719F8F00D2E836 /* Products */;
			projectDirPath = "";
			projectRoot = "";
			targets = (
				17E6104D28719F8F00D2E836 /* AroomMobile */,
				17E6105D28719F9200D2E836 /* AroomMobileTests */,
				17E6106728719F9200D2E836 /* AroomMobileUITests */,
			);
		};
/* End PBXProject section */

/* Begin PBXResourcesBuildPhase section */
		17E6104C28719F8F00D2E836 /* Resources */ = {
			isa = PBXResourcesBuildPhase;
			buildActionMask = 2147483647;
			files = (
				17E6105928719F9200D2E836 /* Preview Assets.xcassets in Resources */,
				17E6105628719F9200D2E836 /* Assets.xcassets in Resources */,
			);
			runOnlyForDeploymentPostprocessing = 0;
		};
		17E6105C28719F9200D2E836 /* Resources */ = {
			isa = PBXResourcesBuildPhase;
			buildActionMask = 2147483647;
			files = (
			);
			runOnlyForDeploymentPostprocessing = 0;
		};
		17E6106628719F9200D2E836 /* Resources */ = {
			isa = PBXResourcesBuildPhase;
			buildActionMask = 2147483647;
			files = (
			);
			runOnlyForDeploymentPostprocessing = 0;
		};
/* End PBXResourcesBuildPhase section */

/* Begin PBXSourcesBuildPhase section */
		17E6104A28719F8F00D2E836 /* Sources */ = {
			isa = PBXSourcesBuildPhase;
			buildActionMask = 2147483647;
			files = (
				17E6105428719F8F00D2E836 /* ContentView.swift in Sources */,
				17E6105228719F8F00D2E836 /* AroomMobileApp.swift in Sources */,
			);
			runOnlyForDeploymentPostprocessing = 0;
		};
		17E6105A28719F9200D2E836 /* Sources */ = {
			isa = PBXSourcesBuildPhase;
			buildActionMask = 2147483647;
			files = (
				17E6106328719F9200D2E836 /* AroomMobileTests.swift in Sources */,
			);
			runOnlyForDeploymentPostprocessing = 0;
		};
		17E6106428719F9200D2E836 /* Sources */ = {
			isa = PBXSourcesBuildPhase;
			buildActionMask = 2147483647;
			files = (
				17E6106D28719F9200D2E836 /* AroomMobileUITests.swift in Sources */,
				17E6106F28719F9200D2E836 /* AroomMobileUITestsLaunchTests.swift in Sources */,
			);
			runOnlyForDeploymentPostprocessing = 0;
		};
/* End PBXSourcesBuildPhase section */

/* Begin PBXTargetDependency section */
		17E6106028719F9200D2E836 /* PBXTargetDependency */ = {
			isa = PBXTargetDependency;
			target = 17E6104D28719F8F00D2E836 /* AroomMobile */;
			targetProxy = 17E6105F28719F9200D2E836 /* PBXContainerItemProxy */;
		};
		17E6106A28719F9200D2E836 /* PBXTargetDependency */ = {
			isa = PBXTargetDependency;
			target = 17E6104D28719F8F00D2E836 /* AroomMobile */;
			targetProxy = 17E6106928719F9200D2E836 /* PBXContainerItemProxy */;
		};
/* End PBXTargetDependency section */

/* Begin XCBuildConfiguration section */
		17E6107028719F9200D2E836 /* Debug */ = {
			isa = XCBuildConfiguration;
			buildSettings = {
				ALWAYS_SEARCH_USER_PATHS = NO;
				CLANG_ANALYZER_NONNULL = YES;
				CLANG_ANALYZER_NUMBER_OBJECT_CONVERSION = YES_AGGRESSIVE;
				CLANG_CXX_LANGUAGE_STANDARD = "gnu++17";
				CLANG_ENABLE_MODULES = YES;
				CLANG_ENABLE_OBJC_ARC = YES;
				CLANG_ENABLE_OBJC_WEAK = YES;
				CLANG_WARN_BLOCK_CAPTURE_AUTORELEASING = YES;
				CLANG_WARN_BOOL_CONVERSION = YES;
				CLANG_WARN_COMMA = YES;
				CLANG_WARN_CONSTANT_CONVERSION = YES;
				CLANG_WARN_DEPRECATED_OBJC_IMPLEMENTATIONS = YES;
				CLANG_WARN_DIRECT_OBJC_ISA_USAGE = YES_ERROR;
				CLANG_WARN_DOCUMENTATION_COMMENTS = YES;
				CLANG_WARN_EMPTY_BODY = YES;
				CLANG_WARN_ENUM_CONVERSION = YES;
				CLANG_WARN_INFINITE_RECURSION = YES;
				CLANG_WARN_INT_CONVERSION = YES;
				CLANG_WARN_NON_LITERAL_NULL_CONVERSION = YES;
				CLANG_WARN_OBJC_IMPLICIT_RETAIN_SELF = YES;
				CLANG_WARN_OBJC_LITERAL_CONVERSION = YES;
				CLANG_WARN_OBJC_ROOT_CLASS = YES_ERROR;
				CLANG_WARN_QUOTED_INCLUDE_IN_FRAMEWORK_HEADER = YES;
				CLANG_WARN_RANGE_LOOP_ANALYSIS = YES;
				CLANG_WARN_STRICT_PROTOTYPES = YES;
				CLANG_WARN_SUSPICIOUS_MOVE = YES;
				CLANG_WARN_UNGUARDED_AVAILABILITY = YES_AGGRESSIVE;
				CLANG_WARN_UNREACHABLE_CODE = YES;
				CLANG_WARN__DUPLICATE_METHOD_MATCH = YES;
				COPY_PHASE_STRIP = NO;
				DEBUG_INFORMATION_FORMAT = dwarf;
				ENABLE_STRICT_OBJC_MSGSEND = YES;
				ENABLE_TESTABILITY = YES;
				GCC_C_LANGUAGE_STANDARD = gnu11;
				GCC_DYNAMIC_NO_PIC = NO;
				GCC_NO_COMMON_BLOCKS = YES;
				GCC_OPTIMIZATION_LEVEL = 0;
				GCC_PREPROCESSOR_DEFINITIONS = (
					"DEBUG=1",
					"$(inherited)",
				);
				GCC_WARN_64_TO_32_BIT_CONVERSION = YES;
				GCC_WARN_ABOUT_RETURN_TYPE = YES_ERROR;
				GCC_WARN_UNDECLARED_SELECTOR = YES;
				GCC_WARN_UNINITIALIZED_AUTOS = YES_AGGRESSIVE;
				GCC_WARN_UNUSED_FUNCTION = YES;
				GCC_WARN_UNUSED_VARIABLE = YES;
				IPHONEOS_DEPLOYMENT_TARGET = 15.5;
				MTL_ENABLE_DEBUG_INFO = INCLUDE_SOURCE;
				MTL_FAST_MATH = YES;
				ONLY_ACTIVE_ARCH = YES;
				SDKROOT = iphoneos;
				SWIFT_ACTIVE_COMPILATION_CONDITIONS = DEBUG;
				SWIFT_OPTIMIZATION_LEVEL = "-Onone";
			};
			name = Debug;
		};
		17E6107128719F9200D2E836 /* Release */ = {
			isa = XCBuildConfiguration;
			buildSettings = {
				ALWAYS_SEARCH_USER_PATHS = NO;
				CLANG_ANALYZER_NONNULL = YES;
				CLANG_ANALYZER_NUMBER_OBJECT_CONVERSION = YES_AGGRESSIVE;
				CLANG_CXX_LANGUAGE_STANDARD = "gnu++17";
				CLANG_ENABLE_MODULES = YES;
				CLANG_ENABLE_OBJC_ARC = YES;
				CLANG_ENABLE_OBJC_WEAK = YES;
				CLANG_WARN_BLOCK_CAPTURE_AUTORELEASING = YES;
				CLANG_WARN_BOOL_CONVERSION = YES;
				CLANG_WARN_COMMA = YES;
				CLANG_WARN_CONSTANT_CONVERSION = YES;
				CLANG_WARN_DEPRECATED_OBJC_IMPLEMENTATIONS = YES;
				CLANG_WARN_DIRECT_OBJC_ISA_USAGE = YES_ERROR;
				CLANG_WARN_DOCUMENTATION_COMMENTS = YES;
				CLANG_WARN_EMPTY_BODY = YES;
				CLANG_WARN_ENUM_CONVERSION = YES;
				CLANG_WARN_INFINITE_RECURSION = YES;
				CLANG_WARN_INT_CONVERSION = YES;
				CLANG_WARN_NON_LITERAL_NULL_CONVERSION = YES;
				CLANG_WARN_OBJC_IMPLICIT_RETAIN_SELF = YES;
				CLANG_WARN_OBJC_LITERAL_CONVERSION = YES;
				CLANG_WARN_OBJC_ROOT_CLASS = YES_ERROR;
				CLANG_WARN_QUOTED_INCLUDE_IN_FRAMEWORK_HEADER = YES;
				CLANG_WARN_RANGE_LOOP_ANALYSIS = YES;
				CLANG_WARN_STRICT_PROTOTYPES = YES;
				CLANG_WARN_SUSPICIOUS_MOVE = YES;
				CLANG_WARN_UNGUARDED_AVAILABILITY = YES_AGGRESSIVE;
				CLANG_WARN_UNREACHABLE_CODE = YES;
				CLANG_WARN__DUPLICATE_METHOD_MATCH = YES;
				COPY_PHASE_STRIP = NO;
				DEBUG_INFORMATION_FORMAT = "dwarf-with-dsym";
				ENABLE_NS_ASSERTIONS = NO;
				ENABLE_STRICT_OBJC_MSGSEND = YES;
				GCC_C_LANGUAGE_STANDARD = gnu11;
				GCC_NO_COMMON_BLOCKS = YES;
				GCC_WARN_64_TO_32_BIT_CONVERSION = YES;
				GCC_WARN_ABOUT_RETURN_TYPE = YES_ERROR;
				GCC_WARN_UNDECLARED_SELECTOR = YES;
				GCC_WARN_UNINITIALIZED_AUTOS = YES_AGGRESSIVE;
				GCC_WARN_UNUSED_FUNCTION = YES;
				GCC_WARN_UNUSED_VARIABLE = YES;
				IPHONEOS_DEPLOYMENT_TARGET = 15.5;
				MTL_ENABLE_DEBUG_INFO = NO;
				MTL_FAST_MATH = YES;
				SDKROOT = iphoneos;
				SWIFT_COMPILATION_MODE = wholemodule;
				SWIFT_OPTIMIZATION_LEVEL = "-O";
				VALIDATE_PRODUCT = YES;
			};
			name = Release;
		};
		17E6107328719F9200D2E836 /* Debug */ = {
			isa = XCBuildConfiguration;
			buildSettings = {
				ASSETCATALOG_COMPILER_APPICON_NAME = AppIcon;
				ASSETCATALOG_COMPILER_GLOBAL_ACCENT_COLOR_NAME = AccentColor;
				CODE_SIGN_STYLE = Automatic;
				CURRENT_PROJECT_VERSION = 1;
				DEVELOPMENT_ASSET_PATHS = "\"AroomMobile/Preview Content\"";
				DEVELOPMENT_TEAM = 892YQAF3FY;
				ENABLE_PREVIEWS = YES;
				GENERATE_INFOPLIST_FILE = YES;
				INFOPLIST_KEY_UIApplicationSceneManifest_Generation = YES;
				INFOPLIST_KEY_UIApplicationSupportsIndirectInputEvents = YES;
				INFOPLIST_KEY_UILaunchScreen_Generation = YES;
				INFOPLIST_KEY_UISupportedInterfaceOrientations_iPad = "UIInterfaceOrientationPortrait UIInterfaceOrientationPortraitUpsideDown UIInterfaceOrientationLandscapeLeft UIInterfaceOrientationLandscapeRight";
				INFOPLIST_KEY_UISupportedInterfaceOrientations_iPhone = "UIInterfaceOrientationPortrait UIInterfaceOrientationLandscapeLeft UIInterfaceOrientationLandscapeRight";
				LD_RUNPATH_SEARCH_PATHS = (
					"$(inherited)",
					"@executable_path/Frameworks",
				);
				MARKETING_VERSION = 1.0;
				PRODUCT_BUNDLE_IDENTIFIER = com.morita.AroomMobile;
				PRODUCT_NAME = "$(TARGET_NAME)";
				SWIFT_EMIT_LOC_STRINGS = YES;
				SWIFT_VERSION = 5.0;
				TARGETED_DEVICE_FAMILY = "1,2";
			};
			name = Debug;
		};
		17E6107428719F9200D2E836 /* Release */ = {
			isa = XCBuildConfiguration;
			buildSettings = {
				ASSETCATALOG_COMPILER_APPICON_NAME = AppIcon;
				ASSETCATALOG_COMPILER_GLOBAL_ACCENT_COLOR_NAME = AccentColor;
				CODE_SIGN_STYLE = Automatic;
				CURRENT_PROJECT_VERSION = 1;
				DEVELOPMENT_ASSET_PATHS = "\"AroomMobile/Preview Content\"";
				DEVELOPMENT_TEAM = 892YQAF3FY;
				ENABLE_PREVIEWS = YES;
				GENERATE_INFOPLIST_FILE = YES;
				INFOPLIST_KEY_UIApplicationSceneManifest_Generation = YES;
				INFOPLIST_KEY_UIApplicationSupportsIndirectInputEvents = YES;
				INFOPLIST_KEY_UILaunchScreen_Generation = YES;
				INFOPLIST_KEY_UISupportedInterfaceOrientations_iPad = "UIInterfaceOrientationPortrait UIInterfaceOrientationPortraitUpsideDown UIInterfaceOrientationLandscapeLeft UIInterfaceOrientationLandscapeRight";
				INFOPLIST_KEY_UISupportedInterfaceOrientations_iPhone = "UIInterfaceOrientationPortrait UIInterfaceOrientationLandscapeLeft UIInterfaceOrientationLandscapeRight";
				LD_RUNPATH_SEARCH_PATHS = (
					"$(inherited)",
					"@executable_path/Frameworks",
				);
				MARKETING_VERSION = 1.0;
				PRODUCT_BUNDLE_IDENTIFIER = com.morita.AroomMobile;
				PRODUCT_NAME = "$(TARGET_NAME)";
				SWIFT_EMIT_LOC_STRINGS = YES;
				SWIFT_VERSION = 5.0;
				TARGETED_DEVICE_FAMILY = "1,2";
			};
			name = Release;
		};
		17E6107628719F9200D2E836 /* Debug */ = {
			isa = XCBuildConfiguration;
			buildSettings = {
				ALWAYS_EMBED_SWIFT_STANDARD_LIBRARIES = YES;
				BUNDLE_LOADER = "$(TEST_HOST)";
				CODE_SIGN_STYLE = Automatic;
				CURRENT_PROJECT_VERSION = 1;
				DEVELOPMENT_TEAM = 892YQAF3FY;
				GENERATE_INFOPLIST_FILE = YES;
				IPHONEOS_DEPLOYMENT_TARGET = 15.5;
				MARKETING_VERSION = 1.0;
				PRODUCT_BUNDLE_IDENTIFIER = com.morita.AroomMobileTests;
				PRODUCT_NAME = "$(TARGET_NAME)";
				SWIFT_EMIT_LOC_STRINGS = NO;
				SWIFT_VERSION = 5.0;
				TARGETED_DEVICE_FAMILY = "1,2";
				TEST_HOST = "$(BUILT_PRODUCTS_DIR)/AroomMobile.app/AroomMobile";
			};
			name = Debug;
		};
		17E6107728719F9200D2E836 /* Release */ = {
			isa = XCBuildConfiguration;
			buildSettings = {
				ALWAYS_EMBED_SWIFT_STANDARD_LIBRARIES = YES;
				BUNDLE_LOADER = "$(TEST_HOST)";
				CODE_SIGN_STYLE = Automatic;
				CURRENT_PROJECT_VERSION = 1;
				DEVELOPMENT_TEAM = 892YQAF3FY;
				GENERATE_INFOPLIST_FILE = YES;
				IPHONEOS_DEPLOYMENT_TARGET = 15.5;
				MARKETING_VERSION = 1.0;
				PRODUCT_BUNDLE_IDENTIFIER = com.morita.AroomMobileTests;
				PRODUCT_NAME = "$(TARGET_NAME)";
				SWIFT_EMIT_LOC_STRINGS = NO;
				SWIFT_VERSION = 5.0;
				TARGETED_DEVICE_FAMILY = "1,2";
				TEST_HOST = "$(BUILT_PRODUCTS_DIR)/AroomMobile.app/AroomMobile";
			};
			name = Release;
		};
		17E6107928719F9200D2E836 /* Debug */ = {
			isa = XCBuildConfiguration;
			buildSettings = {
				ALWAYS_EMBED_SWIFT_STANDARD_LIBRARIES = YES;
				CODE_SIGN_STYLE = Automatic;
				CURRENT_PROJECT_VERSION = 1;
				DEVELOPMENT_TEAM = 892YQAF3FY;
				GENERATE_INFOPLIST_FILE = YES;
				MARKETING_VERSION = 1.0;
				PRODUCT_BUNDLE_IDENTIFIER = com.morita.AroomMobileUITests;
				PRODUCT_NAME = "$(TARGET_NAME)";
				SWIFT_EMIT_LOC_STRINGS = NO;
				SWIFT_VERSION = 5.0;
				TARGETED_DEVICE_FAMILY = "1,2";
				TEST_TARGET_NAME = AroomMobile;
			};
			name = Debug;
		};
		17E6107A28719F9200D2E836 /* Release */ = {
			isa = XCBuildConfiguration;
			buildSettings = {
				ALWAYS_EMBED_SWIFT_STANDARD_LIBRARIES = YES;
				CODE_SIGN_STYLE = Automatic;
				CURRENT_PROJECT_VERSION = 1;
				DEVELOPMENT_TEAM = 892YQAF3FY;
				GENERATE_INFOPLIST_FILE = YES;
				MARKETING_VERSION = 1.0;
				PRODUCT_BUNDLE_IDENTIFIER = com.morita.AroomMobileUITests;
				PRODUCT_NAME = "$(TARGET_NAME)";
				SWIFT_EMIT_LOC_STRINGS = NO;
				SWIFT_VERSION = 5.0;
				TARGETED_DEVICE_FAMILY = "1,2";
				TEST_TARGET_NAME = AroomMobile;
			};
			name = Release;
		};
/* End XCBuildConfiguration section */

/* Begin XCConfigurationList section */
		17E6104928719F8F00D2E836 /* Build configuration list for PBXProject "AroomMobile" */ = {
			isa = XCConfigurationList;
			buildConfigurations = (
				17E6107028719F9200D2E836 /* Debug */,
				17E6107128719F9200D2E836 /* Release */,
			);
			defaultConfigurationIsVisible = 0;
			defaultConfigurationName = Release;
		};
		17E6107228719F9200D2E836 /* Build configuration list for PBXNativeTarget "AroomMobile" */ = {
			isa = XCConfigurationList;
			buildConfigurations = (
				17E6107328719F9200D2E836 /* Debug */,
				17E6107428719F9200D2E836 /* Release */,
			);
			defaultConfigurationIsVisible = 0;
			defaultConfigurationName = Release;
		};
		17E6107528719F9200D2E836 /* Build configuration list for PBXNativeTarget "AroomMobileTests" */ = {
			isa = XCConfigurationList;
			buildConfigurations = (
				17E6107628719F9200D2E836 /* Debug */,
				17E6107728719F9200D2E836 /* Release */,
			);
			defaultConfigurationIsVisible = 0;
			defaultConfigurationName = Release;
		};
		17E6107828719F9200D2E836 /* Build configuration list for PBXNativeTarget "AroomMobileUITests" */ = {
			isa = XCConfigurationList;
			buildConfigurations = (
				17E6107928719F9200D2E836 /* Debug */,
				17E6107A28719F9200D2E836 /* Release */,
			);
			defaultConfigurationIsVisible = 0;
			defaultConfigurationName = Release;
		};
/* End XCConfigurationList section */
	};
	rootObject = 17E6104628719F8F00D2E836 /* Project object */;
}
